{
  "name": "wechatownerservice",
  "version": "1.0.0",
  "lockfileVersion": 1,
  "requires": true,
  "dependencies": {
    "vant-weapp": {
      "version": "0.5.27",
      "resolved": "https://registry.npmjs.org/vant-weapp/-/vant-weapp-0.5.27.tgz",
      "integrity": "sha512-wmbpPWbpIk/Nl022Yfu0LNV+rSBPxnWTsZePVo6De4FxY3SWw47+Ip6rxLgdnG00/FntbymgvVw4xlaW+WmC+Q=="
    }
  }
}
